Microsoft Visual Studio Solution File, Format Version 12.00
# Visual Studio 2012
Project("{FAE04EC0-301F-11D3-BF4B-00C04F79EFBC}") = "brackeys-2026.2", "brackeys-2026.2.csproj", "{9A11DD72-763B-496B-98E0-BC1C010F7100}"
EndProject
Global
	GlobalSection(SolutionConfigurationPlatforms) = preSolution
	Debug|Any CPU = Debug|Any CPU
	ExportDebug|Any CPU = ExportDebug|Any CPU
	ExportRelease|Any CPU = ExportRelease|Any CPU
	EndGlobalSection
	GlobalSection(ProjectConfigurationPlatforms) = postSolution
		{9A11DD72-763B-496B-98E0-BC1C010F7100}.Debug|Any CPU.ActiveCfg = Debug|Any CPU
		{9A11DD72-763B-496B-98E0-BC1C010F7100}.Debug|Any CPU.Build.0 = Debug|Any CPU
		{9A11DD72-763B-496B-98E0-BC1C010F7100}.ExportDebug|Any CPU.ActiveCfg = ExportDebug|Any CPU
		{9A11DD72-763B-496B-98E0-BC1C010F7100}.ExportDebug|Any CPU.Build.0 = ExportDebug|Any CPU
		{9A11DD72-763B-496B-98E0-BC1C010F7100}.ExportRelease|Any CPU.ActiveCfg = ExportRelease|Any CPU
		{9A11DD72-763B-496B-98E0-BC1C010F7100}.ExportRelease|Any CPU.Build.0 = ExportRelease|Any CPU
	EndGlobalSection
EndGlobal
